{
  "name": "musa-rats",
  "version": "1.0.0",
  "lockfileVersion": 2,
  "requires": true,
  "packages": {
    "": {
      "name": "musa-rats",
      "version": "1.0.0",
      "license": "ISC",
      "dependencies": {
        "convert-csv-to-json": "^2.0.0"
      }
    },
    "node_modules/convert-csv-to-json": {
      "version": "2.0.0",
      "resolved": "https://registry.npmjs.org/convert-csv-to-json/-/convert-csv-to-json-2.0.0.tgz",
      "integrity": "sha512-pMDclso1Afm8tGsJfcVqay10WSPgpoGKGoHdIXWIMXJX29qayEC/MlAsd6csYr59mUjLoJxpkHi37cTUSaNUpw=="
    }
  },
  "dependencies": {
    "convert-csv-to-json": {
      "version": "2.0.0",
      "resolved": "https://registry.npmjs.org/convert-csv-to-json/-/convert-csv-to-json-2.0.0.tgz",
      "integrity": "sha512-pMDclso1Afm8tGsJfcVqay10WSPgpoGKGoHdIXWIMXJX29qayEC/MlAsd6csYr59mUjLoJxpkHi37cTUSaNUpw=="
    }
  }
}
